
Microsoft Visual Studio Solution File, Format Version 12.00
# Visual Studio Version 16
VisualStudioVersion = 16.0.29709.97
MinimumVisualStudioVersion = 10.0.40219.1
Project("{FAE04EC0-301F-11D3-BF4B-00C04F79EFBC}") = "EmployeesSystem", "EmployeesSystem.csproj", "{76334AC9-40C9-45B4-881C-A47E21E42C89}"
EndProject
Global
	GlobalSection(SolutionConfigurationPlatforms) = preSolution
		Debug|Any CPU = Debug|Any CPU
		Release|Any CPU = Release|Any CPU
	EndGlobalSection
	GlobalSection(ProjectConfigurationPlatforms) = postSolution
		{76334AC9-40C9-45B4-881C-A47E21E42C89}.Debug|Any CPU.ActiveCfg = Debug|Any CPU
		{76334AC9-40C9-45B4-881C-A47E21E42C89}.Debug|Any CPU.Build.0 = Debug|Any CPU
		{76334AC9-40C9-45B4-881C-A47E21E42C89}.Release|Any CPU.ActiveCfg = Release|Any CPU
		{76334AC9-40C9-45B4-881C-A47E21E42C89}.Release|Any CPU.Build.0 = Release|Any CPU
	EndGlobalSection
	GlobalSection(SolutionProperties) = preSolution
		HideSolutionNode = FALSE
	EndGlobalSection
	GlobalSection(ExtensibilityGlobals) = postSolution
		SolutionGuid = {5D5CEAB1-99DC-4987-AB98-C89AB06A3731}
	EndGlobalSection
EndGlobal
